// !$*UTF8*$!
{
	archiveVersion = 1;
	classes = {
	};
	objectVersion = 46;
	objects = {

/* Begin PBXBuildFile section */
		3A9785B619F9BBF900B86108 /* Foundation.framework in Frameworks */ = {isa = PBXBuildFile; fileRef = 3A9785B519F9BBF900B86108 /* Foundation.framework */; };
		3A9785B819F9BBF900B86108 /* CoreGraphics.framework in Frameworks */ = {isa = PBXBuildFile; fileRef = 3A9785B719F9BBF900B86108 /* CoreGraphics.framework */; };
		3A9785BA19F9BBF900B86108 /* UIKit.framework in Frameworks */ = {isa = PBXBuildFile; fileRef = 3A9785B919F9BBF900B86108 /* UIKit.framework */; };
		3A9785C019F9BBF900B86108 /* InfoPlist.strings in Resources */ = {isa = PBXBuildFile; fileRef = 3A9785BE19F9BBF900B86108 /* InfoPlist.strings */; };
		3A9785C219F9BBF900B86108 /* main.m in Sources */ = {isa = PBXBuildFile; fileRef = 3A9785C119F9BBF900B86108 /* main.m */; };
		3A9785C619F9BBF900B86108 /* AppDelegate.m in Sources */ = {isa = PBXBuildFile; fileRef = 3A9785C519F9BBF900B86108 /* AppDelegate.m */; };
		3A9785C919F9BBF900B86108 /* Main.storyboard in Resources */ = {isa = PBXBuildFile; fileRef = 3A9785C719F9BBF900B86108 /* Main.storyboard */; };
		3A9785CC19F9BBF900B86108 /* MainMenuViewController.m in Sources */ = {isa = PBXBuildFile; fileRef = 3A9785CB19F9BBF900B86108 /* MainMenuViewController.m */; };
		3A9785CE19F9BBF900B86108 /* Images.xcassets in Resources */ = {isa = PBXBuildFile; fileRef = 3A9785CD19F9BBF900B86108 /* Images.xcassets */; };
		3A9785D519F9BBF900B86108 /* XCTest.framework in Frameworks */ = {isa = PBXBuildFile; fileRef = 3A9785D419F9BBF900B86108 /* XCTest.framework */; };
		3A9785D619F9BBF900B86108 /* Foundation.framework in Frameworks */ = {isa = PBXBuildFile; fileRef = 3A9785B519F9BBF900B86108 /* Foundation.framework */; };
		3A9785D719F9BBF900B86108 /* UIKit.framework in Frameworks */ = {isa = PBXBuildFile; fileRef = 3A9785B919F9BBF900B86108 /* UIKit.framework */; };
		3A9785DF19F9BBF900B86108 /* InfoPlist.strings in Resources */ = {isa = PBXBuildFile; fileRef = 3A9785DD19F9BBF900B86108 /* InfoPlist.strings */; };
		3A9785E119F9BBF900B86108 /* OFFWebTests.m in Sources */ = {isa = PBXBuildFile; fileRef = 3A9785E019F9BBF900B86108 /* OFFWebTests.m */; };
		3A9785ED19F9BFD400B86108 /* BrowserViewController.m in Sources */ = {isa = PBXBuildFile; fileRef = 3A9785EC19F9BFD400B86108 /* BrowserViewController.m */; };
		3A9785F119F9C02000B86108 /* ArticlesTableViewController.m in Sources */ = {isa = PBXBuildFile; fileRef = 3A9785F019F9C02000B86108 /* ArticlesTableViewController.m */; };
		3A9785F419F9C12C00B86108 /* logoOFFWeb.png in Resources */ = {isa = PBXBuildFile; fileRef = 3A9785F319F9C12C00B86108 /* logoOFFWeb.png */; };
		3A97860419F9D08700B86108 /* ChooseWebsiteViewController.m in Sources */ = {isa = PBXBuildFile; fileRef = 3A97860319F9D08700B86108 /* ChooseWebsiteViewController.m */; };
		3A97860719F9D3E900B86108 /* Social.framework in Frameworks */ = {isa = PBXBuildFile; fileRef = 3A97860619F9D3E900B86108 /* Social.framework */; };
		3A97860919F9D6CC00B86108 /* Wikipedia-globe-icon.png in Resources */ = {isa = PBXBuildFile; fileRef = 3A97860819F9D6CC00B86108 /* Wikipedia-globe-icon.png */; };
/* End PBXBuildFile section */

/* Begin PBXContainerItemProxy section */
		3A9785D819F9BBF900B86108 /* PBXContainerItemProxy */ = {
			isa = PBXContainerItemProxy;
			containerPortal = 3A9785AA19F9BBF900B86108 /* Project object */;
			proxyType = 1;
			remoteGlobalIDString = 3A9785B119F9BBF900B86108;
			remoteInfo = OFFWeb;
		};
/* End PBXContainerItemProxy section */

/* Begin PBXFileReference section */
		3A9785B219F9BBF900B86108 /* OFFWeb.app */ = {isa = PBXFileReference; explicitFileType = wrapper.application; includeInIndex = 0; path = OFFWeb.app; sourceTree = BUILT_PRODUCTS_DIR; };
		3A9785B519F9BBF900B86108 /* Foundation.framework */ = {isa = PBXFileReference; lastKnownFileType = wrapper.framework; name = Foundation.framework; path = System/Library/Frameworks/Foundation.framework; sourceTree = SDKROOT; };
		3A9785B719F9BBF900B86108 /* CoreGraphics.framework */ = {isa = PBXFileReference; lastKnownFileType = wrapper.framework; name = CoreGraphics.framework; path = System/Library/Frameworks/CoreGraphics.framework; sourceTree = SDKROOT; };
		3A9785B919F9BBF900B86108 /* UIKit.framework */ = {isa = PBXFileReference; lastKnownFileType = wrapper.framework; name = UIKit.framework; path = System/Library/Frameworks/UIKit.framework; sourceTree = SDKROOT; };
		3A9785BD19F9BBF900B86108 /* OFFWeb-Info.plist */ = {isa = PBXFileReference; lastKnownFileType = text.plist.xml; path = "OFFWeb-Info.plist"; sourceTree = "<group>"; };
		3A9785BF19F9BBF900B86108 /* en */ = {isa = PBXFileReference; lastKnownFileType = text.plist.strings; name = en; path = en.lproj/InfoPlist.strings; sourceTree = "<group>"; };
		3A9785C119F9BBF900B86108 /* main.m */ = {isa = PBXFileReference; lastKnownFileType = sourcecode.c.objc; path = main.m; sourceTree = "<group>"; };
		3A9785C319F9BBF900B86108 /* OFFWeb-Prefix.pch */ = {isa = PBXFileReference; lastKnownFileType = sourcecode.c.h; path = "OFFWeb-Prefix.pch"; sourceTree = "<group>"; };
		3A9785C419F9BBF900B86108 /* AppDelegate.h */ = {isa = PBXFileReference; lastKnownFileType = sourcecode.c.h; path = AppDelegate.h; sourceTree = "<group>"; };
		3A9785C519F9BBF900B86108 /* AppDelegate.m */ = {isa = PBXFileReference; lastKnownFileType = sourcecode.c.objc; path = AppDelegate.m; sourceTree = "<group>"; };
		3A9785C819F9BBF900B86108 /* Base */ = {isa = PBXFileReference; lastKnownFileType = file.storyboard; name = Base; path = Base.lproj/Main.storyboard; sourceTree = "<group>"; };
		3A9785CA19F9BBF900B86108 /* MainMenuViewController.h */ = {isa = PBXFileReference; lastKnownFileType = sourcecode.c.h; path = MainMenuViewController.h; sourceTree = "<group>"; };
		3A9785CB19F9BBF900B86108 /* MainMenuViewController.m */ = {isa = PBXFileReference; lastKnownFileType = sourcecode.c.objc; path = MainMenuViewController.m; sourceTree = "<group>"; };
		3A9785CD19F9BBF900B86108 /* Images.xcassets */ = {isa = PBXFileReference; lastKnownFileType = folder.assetcatalog; path = Images.xcassets; sourceTree = "<group>"; };
		3A9785D319F9BBF900B86108 /* OFFWebTests.xctest */ = {isa = PBXFileReference; explicitFileType = wrapper.cfbundle; includeInIndex = 0; path = OFFWebTests.xctest; sourceTree = BUILT_PRODUCTS_DIR; };
		3A9785D419F9BBF900B86108 /* XCTest.framework */ = {isa = PBXFileReference; lastKnownFileType = wrapper.framework; name = XCTest.framework; path = Library/Frameworks/XCTest.framework; sourceTree = DEVELOPER_DIR; };
		3A9785DC19F9BBF900B86108 /* OFFWebTests-Info.plist */ = {isa = PBXFileReference; lastKnownFileType = text.plist.xml; path = "OFFWebTests-Info.plist"; sourceTree = "<group>"; };
		3A9785DE19F9BBF900B86108 /* en */ = {isa = PBXFileReference; lastKnownFileType = text.plist.strings; name = en; path = en.lproj/InfoPlist.strings; sourceTree = "<group>"; };
		3A9785E019F9BBF900B86108 /* OFFWebTests.m */ = {isa = PBXFileReference; lastKnownFileType = sourcecode.c.objc; path = OFFWebTests.m; sourceTree = "<group>"; };
		3A9785EB19F9BFD400B86108 /* BrowserViewController.h */ = {isa = PBXFileReference; fileEncoding = 4; lastKnownFileType = sourcecode.c.h; path = BrowserViewController.h; sourceTree = "<group>"; };
		3A9785EC19F9BFD400B86108 /* BrowserViewController.m */ = {isa = PBXFileReference; fileEncoding = 4; lastKnownFileType = sourcecode.c.objc; path = BrowserViewController.m; sourceTree = "<group>"; };
		3A9785EF19F9C02000B86108 /* ArticlesTableViewController.h */ = {isa = PBXFileReference; fileEncoding = 4; lastKnownFileType = sourcecode.c.h; path = ArticlesTableViewController.h; sourceTree = "<group>"; };
		3A9785F019F9C02000B86108 /* ArticlesTableViewController.m */ = {isa = PBXFileReference; fileEncoding = 4; lastKnownFileType = sourcecode.c.objc; path = ArticlesTableViewController.m; sourceTree = "<group>"; };
		3A9785F319F9C12C00B86108 /* logoOFFWeb.png */ = {isa = PBXFileReference; lastKnownFileType = image.png; path = logoOFFWeb.png; sourceTree = "<group>"; };
		3A97860219F9D08700B86108 /* ChooseWebsiteViewController.h */ = {isa = PBXFileReference; fileEncoding = 4; lastKnownFileType = sourcecode.c.h; path = ChooseWebsiteViewController.h; sourceTree = "<group>"; };
		3A97860319F9D08700B86108 /* ChooseWebsiteViewController.m */ = {isa = PBXFileReference; fileEncoding = 4; lastKnownFileType = sourcecode.c.objc; path = ChooseWebsiteViewController.m; sourceTree = "<group>"; };
		3A97860619F9D3E900B86108 /* Social.framework */ = {isa = PBXFileReference; lastKnownFileType = wrapper.framework; name = Social.framework; path = System/Library/Frameworks/Social.framework; sourceTree = SDKROOT; };
		3A97860819F9D6CC00B86108 /* Wikipedia-globe-icon.png */ = {isa = PBXFileReference; lastKnownFileType = image.png; path = "Wikipedia-globe-icon.png"; sourceTree = "<group>"; };
/* End PBXFileReference section */

/* Begin PBXFrameworksBuildPhase section */
		3A9785AF19F9BBF900B86108 /* Frameworks */ = {
			isa = PBXFrameworksBuildPhase;
			buildActionMask = 2147483647;
			files = (
				3A97860719F9D3E900B86108 /* Social.framework in Frameworks */,
				3A9785B819F9BBF900B86108 /* CoreGraphics.framework in Frameworks */,
				3A9785BA19F9BBF900B86108 /* UIKit.framework in Frameworks */,
				3A9785B619F9BBF900B86108 /* Foundation.framework in Frameworks */,
			);
			runOnlyForDeploymentPostprocessing = 0;
		};
		3A9785D019F9BBF900B86108 /* Frameworks */ = {
			isa = PBXFrameworksBuildPhase;
			buildActionMask = 2147483647;
			files = (
				3A9785D519F9BBF900B86108 /* XCTest.framework in Frameworks */,
				3A9785D719F9BBF900B86108 /* UIKit.framework in Frameworks */,
				3A9785D619F9BBF900B86108 /* Foundation.framework in Frameworks */,
			);
			runOnlyForDeploymentPostprocessing = 0;
		};
/* End PBXFrameworksBuildPhase section */

/* Begin PBXGroup section */
		3A9785A919F9BBF900B86108 = {
			isa = PBXGroup;
			children = (
				3A9785BB19F9BBF900B86108 /* OFFWeb */,
				3A9785DA19F9BBF900B86108 /* OFFWebTests */,
				3A9785B419F9BBF900B86108 /* Frameworks */,
				3A9785B319F9BBF900B86108 /* Products */,
			);
			sourceTree = "<group>";
		};
		3A9785B319F9BBF900B86108 /* Products */ = {
			isa = PBXGroup;
			children = (
				3A9785B219F9BBF900B86108 /* OFFWeb.app */,
				3A9785D319F9BBF900B86108 /* OFFWebTests.xctest */,
			);
			name = Products;
			sourceTree = "<group>";
		};
		3A9785B419F9BBF900B86108 /* Frameworks */ = {
			isa = PBXGroup;
			children = (
				3A97860619F9D3E900B86108 /* Social.framework */,
				3A9785B519F9BBF900B86108 /* Foundation.framework */,
				3A9785B719F9BBF900B86108 /* CoreGraphics.framework */,
				3A9785B919F9BBF900B86108 /* UIKit.framework */,
				3A9785D419F9BBF900B86108 /* XCTest.framework */,
			);
			name = Frameworks;
			sourceTree = "<group>";
		};
		3A9785BB19F9BBF900B86108 /* OFFWeb */ = {
			isa = PBXGroup;
			children = (
				3A9785C419F9BBF900B86108 /* AppDelegate.h */,
				3A9785C519F9BBF900B86108 /* AppDelegate.m */,
				3A9785C719F9BBF900B86108 /* Main.storyboard */,
				3A9785F519F9C13100B86108 /* Assets */,
				3A9785F219F9C03200B86108 /* ArticlesTableViewController */,
				3A9785EE19F9BFEF00B86108 /* BrowserViewController */,
				3A9785EA19F9BEFB00B86108 /* MainMenuViewController */,
				3A9785CD19F9BBF900B86108 /* Images.xcassets */,
				3A9785BC19F9BBF900B86108 /* Supporting Files */,
				3A97860519F9D09200B86108 /* ChooseWebsiteViewController */,
			);
			path = OFFWeb;
			sourceTree = "<group>";
		};
		3A9785BC19F9BBF900B86108 /* Supporting Files */ = {
			isa = PBXGroup;
			children = (
				3A9785BD19F9BBF900B86108 /* OFFWeb-Info.plist */,
				3A9785BE19F9BBF900B86108 /* InfoPlist.strings */,
				3A9785C119F9BBF900B86108 /* main.m */,
				3A9785C319F9BBF900B86108 /* OFFWeb-Prefix.pch */,
			);
			name = "Supporting Files";
			sourceTree = "<group>";
		};
		3A9785DA19F9BBF900B86108 /* OFFWebTests */ = {
			isa = PBXGroup;
			children = (
				3A9785E019F9BBF900B86108 /* OFFWebTests.m */,
				3A9785DB19F9BBF900B86108 /* Supporting Files */,
			);
			path = OFFWebTests;
			sourceTree = "<group>";
		};
		3A9785DB19F9BBF900B86108 /* Supporting Files */ = {
			isa = PBXGroup;
			children = (
				3A9785DC19F9BBF900B86108 /* OFFWebTests-Info.plist */,
				3A9785DD19F9BBF900B86108 /* InfoPlist.strings */,
			);
			name = "Supporting Files";
			sourceTree = "<group>";
		};
		3A9785EA19F9BEFB00B86108 /* MainMenuViewController */ = {
			isa = PBXGroup;
			children = (
				3A9785CA19F9BBF900B86108 /* MainMenuViewController.h */,
				3A9785CB19F9BBF900B86108 /* MainMenuViewController.m */,
			);
			name = MainMenuViewController;
			sourceTree = "<group>";
		};
		3A9785EE19F9BFEF00B86108 /* BrowserViewController */ = {
			isa = PBXGroup;
			children = (
				3A9785EB19F9BFD400B86108 /* BrowserViewController.h */,
				3A9785EC19F9BFD400B86108 /* BrowserViewController.m */,
			);
			name = BrowserViewController;
			sourceTree = "<group>";
		};
		3A9785F219F9C03200B86108 /* ArticlesTableViewController */ = {
			isa = PBXGroup;
			children = (
				3A9785EF19F9C02000B86108 /* ArticlesTableViewController.h */,
				3A9785F019F9C02000B86108 /* ArticlesTableViewController.m */,
			);
			name = ArticlesTableViewController;
			sourceTree = "<group>";
		};
		3A9785F519F9C13100B86108 /* Assets */ = {
			isa = PBXGroup;
			children = (
				3A97860819F9D6CC00B86108 /* Wikipedia-globe-icon.png */,
				3A9785F319F9C12C00B86108 /* logoOFFWeb.png */,
			);
			name = Assets;
			sourceTree = "<group>";
		};
		3A97860519F9D09200B86108 /* ChooseWebsiteViewController */ = {
			isa = PBXGroup;
			children = (
				3A97860219F9D08700B86108 /* ChooseWebsiteViewController.h */,
				3A97860319F9D08700B86108 /* ChooseWebsiteViewController.m */,
			);
			name = ChooseWebsiteViewController;
			sourceTree = "<group>";
		};
/* End PBXGroup section */

/* Begin PBXNativeTarget section */
		3A9785B119F9BBF900B86108 /* OFFWeb */ = {
			isa = PBXNativeTarget;
			buildConfigurationList = 3A9785E419F9BBF900B86108 /* Build configuration list for PBXNativeTarget "OFFWeb" */;
			buildPhases = (
				3A9785AE19F9BBF900B86108 /* Sources */,
				3A9785AF19F9BBF900B86108 /* Frameworks */,
				3A9785B019F9BBF900B86108 /* Resources */,
			);
			buildRules = (
			);
			dependencies = (
			);
			name = OFFWeb;
			productName = OFFWeb;
			productReference = 3A9785B219F9BBF900B86108 /* OFFWeb.app */;
			productType = "com.apple.product-type.application";
		};
		3A9785D219F9BBF900B86108 /* OFFWebTests */ = {
			isa = PBXNativeTarget;
			buildConfigurationList = 3A9785E719F9BBF900B86108 /* Build configuration list for PBXNativeTarget "OFFWebTests" */;
			buildPhases = (
				3A9785CF19F9BBF900B86108 /* Sources */,
				3A9785D019F9BBF900B86108 /* Frameworks */,
				3A9785D119F9BBF900B86108 /* Resources */,
			);
			buildRules = (
			);
			dependencies = (
				3A9785D919F9BBF900B86108 /* PBXTargetDependency */,
			);
			name = OFFWebTests;
			productName = OFFWebTests;
			productReference = 3A9785D319F9BBF900B86108 /* OFFWebTests.xctest */;
			productType = "com.apple.product-type.bundle.unit-test";
		};
/* End PBXNativeTarget section */

/* Begin PBXProject section */
		3A9785AA19F9BBF900B86108 /* Project object */ = {
			isa = PBXProject;
			attributes = {
				LastUpgradeCheck = 0510;
				ORGANIZATIONNAME = TeamCook;
				TargetAttributes = {
					3A9785D219F9BBF900B86108 = {
						TestTargetID = 3A9785B119F9BBF900B86108;
					};
				};
			};
			buildConfigurationList = 3A9785AD19F9BBF900B86108 /* Build configuration list for PBXProject "OFFWeb" */;
			compatibilityVersion = "Xcode 3.2";
			developmentRegion = English;
			hasScannedForEncodings = 0;
			knownRegions = (
				en,
				Base,
			);
			mainGroup = 3A9785A919F9BBF900B86108;
			productRefGroup = 3A9785B319F9BBF900B86108 /* Products */;
			projectDirPath = "";
			projectRoot = "";
			targets = (
				3A9785B119F9BBF900B86108 /* OFFWeb */,
				3A9785D219F9BBF900B86108 /* OFFWebTests */,
			);
		};
/* End PBXProject section */

/* Begin PBXResourcesBuildPhase section */
		3A9785B019F9BBF900B86108 /* Resources */ = {
			isa = PBXResourcesBuildPhase;
			buildActionMask = 2147483647;
			files = (
				3A9785CE19F9BBF900B86108 /* Images.xcassets in Resources */,
				3A9785C019F9BBF900B86108 /* InfoPlist.strings in Resources */,
				3A9785C919F9BBF900B86108 /* Main.storyboard in Resources */,
				3A9785F419F9C12C00B86108 /* logoOFFWeb.png in Resources */,
				3A97860919F9D6CC00B86108 /* Wikipedia-globe-icon.png in Resources */,
			);
			runOnlyForDeploymentPostprocessing = 0;
		};
		3A9785D119F9BBF900B86108 /* Resources */ = {
			isa = PBXResourcesBuildPhase;
			buildActionMask = 2147483647;
			files = (
				3A9785DF19F9BBF900B86108 /* InfoPlist.strings in Resources */,
			);
			runOnlyForDeploymentPostprocessing = 0;
		};
/* End PBXResourcesBuildPhase section */

/* Begin PBXSourcesBuildPhase section */
		3A9785AE19F9BBF900B86108 /* Sources */ = {
			isa = PBXSourcesBuildPhase;
			buildActionMask = 2147483647;
			files = (
				3A9785CC19F9BBF900B86108 /* MainMenuViewController.m in Sources */,
				3A9785ED19F9BFD400B86108 /* BrowserViewController.m in Sources */,
				3A9785C619F9BBF900B86108 /* AppDelegate.m in Sources */,
				3A9785C219F9BBF900B86108 /* main.m in Sources */,
				3A9785F119F9C02000B86108 /* ArticlesTableViewController.m in Sources */,
				3A97860419F9D08700B86108 /* ChooseWebsiteViewController.m in Sources */,
			);
			runOnlyForDeploymentPostprocessing = 0;
		};
		3A9785CF19F9BBF900B86108 /* Sources */ = {
			isa = PBXSourcesBuildPhase;
			buildActionMask = 2147483647;
			files = (
				3A9785E119F9BBF900B86108 /* OFFWebTests.m in Sources */,
			);
			runOnlyForDeploymentPostprocessing = 0;
		};
/* End PBXSourcesBuildPhase section */

/* Begin PBXTargetDependency section */
		3A9785D919F9BBF900B86108 /* PBXTargetDependency */ = {
			isa = PBXTargetDependency;
			target = 3A9785B119F9BBF900B86108 /* OFFWeb */;
			targetProxy = 3A9785D819F9BBF900B86108 /* PBXContainerItemProxy */;
		};
/* End PBXTargetDependency section */

/* Begin PBXVariantGroup section */
		3A9785BE19F9BBF900B86108 /* InfoPlist.strings */ = {
			isa = PBXVariantGroup;
			children = (
				3A9785BF19F9BBF900B86108 /* en */,
			);
			name = InfoPlist.strings;
			sourceTree = "<group>";
		};
		3A9785C719F9BBF900B86108 /* Main.storyboard */ = {
			isa = PBXVariantGroup;
			children = (
				3A9785C819F9BBF900B86108 /* Base */,
			);
			name = Main.storyboard;
			sourceTree = "<group>";
		};
		3A9785DD19F9BBF900B86108 /* InfoPlist.strings */ = {
			isa = PBXVariantGroup;
			children = (
				3A9785DE19F9BBF900B86108 /* en */,
			);
			name = InfoPlist.strings;
			sourceTree = "<group>";
		};
/* End PBXVariantGroup section */

/* Begin XCBuildConfiguration section */
		3A9785E219F9BBF900B86108 /* Debug */ = {
			isa = XCBuildConfiguration;
			buildSettings = {
				ALWAYS_SEARCH_USER_PATHS = NO;
				CLANG_CXX_LANGUAGE_STANDARD = "gnu++0x";
				CLANG_CXX_LIBRARY = "libc++";
				CLANG_ENABLE_MODULES = YES;
				CLANG_ENABLE_OBJC_ARC = YES;
				CLANG_WARN_BOOL_CONVERSION = YES;
				CLANG_WARN_CONSTANT_CONVERSION = YES;
				CLANG_WARN_DIRECT_OBJC_ISA_USAGE = YES_ERROR;
				CLANG_WARN_EMPTY_BODY = YES;
				CLANG_WARN_ENUM_CONVERSION = YES;
				CLANG_WARN_INT_CONVERSION = YES;
				CLANG_WARN_OBJC_ROOT_CLASS = YES_ERROR;
				CLANG_WARN__DUPLICATE_METHOD_MATCH = YES;
				"CODE_SIGN_IDENTITY[sdk=iphoneos*]" = "iPhone Developer";
				COPY_PHASE_STRIP = NO;
				GCC_C_LANGUAGE_STANDARD = gnu99;
				GCC_DYNAMIC_NO_PIC = NO;
				GCC_OPTIMIZATION_LEVEL = 0;
				GCC_PREPROCESSOR_DEFINITIONS = (
					"DEBUG=1",
					"$(inherited)",
				);
				GCC_SYMBOLS_PRIVATE_EXTERN = NO;
				GCC_WARN_64_TO_32_BIT_CONVERSION = YES;
				GCC_WARN_ABOUT_RETURN_TYPE = YES_ERROR;
				GCC_WARN_UNDECLARED_SELECTOR = YES;
				GCC_WARN_UNINITIALIZED_AUTOS = YES_AGGRESSIVE;
				GCC_WARN_UNUSED_FUNCTION = YES;
				GCC_WARN_UNUSED_VARIABLE = YES;
				IPHONEOS_DEPLOYMENT_TARGET = 7.1;
				ONLY_ACTIVE_ARCH = YES;
				SDKROOT = iphoneos;
			};
			name = Debug;
		};
		3A9785E319F9BBF900B86108 /* Release */ = {
			isa = XCBuildConfiguration;
			buildSettings = {
				ALWAYS_SEARCH_USER_PATHS = NO;
				CLANG_CXX_LANGUAGE_STANDARD = "gnu++0x";
				CLANG_CXX_LIBRARY = "libc++";
				CLANG_ENABLE_MODULES = YES;
				CLANG_ENABLE_OBJC_ARC = YES;
				CLANG_WARN_BOOL_CONVERSION = YES;
				CLANG_WARN_CONSTANT_CONVERSION = YES;
				CLANG_WARN_DIRECT_OBJC_ISA_USAGE = YES_ERROR;
				CLANG_WARN_EMPTY_BODY = YES;
				CLANG_WARN_ENUM_CONVERSION = YES;
				CLANG_WARN_INT_CONVERSION = YES;
				CLANG_WARN_OBJC_ROOT_CLASS = YES_ERROR;
				CLANG_WARN__DUPLICATE_METHOD_MATCH = YES;
				"CODE_SIGN_IDENTITY[sdk=iphoneos*]" = "iPhone Developer";
				COPY_PHASE_STRIP = YES;
				ENABLE_NS_ASSERTIONS = NO;
				GCC_C_LANGUAGE_STANDARD = gnu99;
				GCC_WARN_64_TO_32_BIT_CONVERSION = YES;
				GCC_WARN_ABOUT_RETURN_TYPE = YES_ERROR;
				GCC_WARN_UNDECLARED_SELECTOR = YES;
				GCC_WARN_UNINITIALIZED_AUTOS = YES_AGGRESSIVE;
				GCC_WARN_UNUSED_FUNCTION = YES;
				GCC_WARN_UNUSED_VARIABLE = YES;
				IPHONEOS_DEPLOYMENT_TARGET = 7.1;
				SDKROOT = iphoneos;
				VALIDATE_PRODUCT = YES;
			};
			name = Release;
		};
		3A9785E519F9BBF900B86108 /* Debug */ = {
			isa = XCBuildConfiguration;
			buildSettings = {
				ASSETCATALOG_COMPILER_APPICON_NAME = AppIcon;
				ASSETCATALOG_COMPILER_LAUNCHIMAGE_NAME = LaunchImage;
				GCC_PRECOMPILE_PREFIX_HEADER = YES;
				GCC_PREFIX_HEADER = "OFFWeb/OFFWeb-Prefix.pch";
				INFOPLIST_FILE = "OFFWeb/OFFWeb-Info.plist";
				PRODUCT_NAME = "$(TARGET_NAME)";
				WRAPPER_EXTENSION = app;
			};
			name = Debug;
		};
		3A9785E619F9BBF900B86108 /* Release */ = {
			isa = XCBuildConfiguration;
			buildSettings = {
				ASSETCATALOG_COMPILER_APPICON_NAME = AppIcon;
				ASSETCATALOG_COMPILER_LAUNCHIMAGE_NAME = LaunchImage;
				GCC_PRECOMPILE_PREFIX_HEADER = YES;
				GCC_PREFIX_HEADER = "OFFWeb/OFFWeb-Prefix.pch";
				INFOPLIST_FILE = "OFFWeb/OFFWeb-Info.plist";
				PRODUCT_NAME = "$(TARGET_NAME)";
				WRAPPER_EXTENSION = app;
			};
			name = Release;
		};
		3A9785E819F9BBF900B86108 /* Debug */ = {
			isa = XCBuildConfiguration;
			buildSettings = {
				BUNDLE_LOADER = "$(BUILT_PRODUCTS_DIR)/OFFWeb.app/OFFWeb";
				FRAMEWORK_SEARCH_PATHS = (
					"$(SDKROOT)/Developer/Library/Frameworks",
					"$(inherited)",
					"$(DEVELOPER_FRAMEWORKS_DIR)",
				);
				GCC_PRECOMPILE_PREFIX_HEADER = YES;
				GCC_PREFIX_HEADER = "OFFWeb/OFFWeb-Prefix.pch";
				GCC_PREPROCESSOR_DEFINITIONS = (
					"DEBUG=1",
					"$(inherited)",
				);
				INFOPLIST_FILE = "OFFWebTests/OFFWebTests-Info.plist";
				PRODUCT_NAME = "$(TARGET_NAME)";
				TEST_HOST = "$(BUNDLE_LOADER)";
				WRAPPER_EXTENSION = xctest;
			};
			name = Debug;
		};
		3A9785E919F9BBF900B86108 /* Release */ = {
			isa = XCBuildConfiguration;
			buildSettings = {
				BUNDLE_LOADER = "$(BUILT_PRODUCTS_DIR)/OFFWeb.app/OFFWeb";
				FRAMEWORK_SEARCH_PATHS = (
					"$(SDKROOT)/Developer/Library/Frameworks",
					"$(inherited)",
					"$(DEVELOPER_FRAMEWORKS_DIR)",
				);
				GCC_PRECOMPILE_PREFIX_HEADER = YES;
				GCC_PREFIX_HEADER = "OFFWeb/OFFWeb-Prefix.pch";
				INFOPLIST_FILE = "OFFWebTests/OFFWebTests-Info.plist";
				PRODUCT_NAME = "$(TARGET_NAME)";
				TEST_HOST = "$(BUNDLE_LOADER)";
				WRAPPER_EXTENSION = xctest;
			};
			name = Release;
		};
/* End XCBuildConfiguration section */

/* Begin XCConfigurationList section */
		3A9785AD19F9BBF900B86108 /* Build configuration list for PBXProject "OFFWeb" */ = {
			isa = XCConfigurationList;
			buildConfigurations = (
				3A9785E219F9BBF900B86108 /* Debug */,
				3A9785E319F9BBF900B86108 /* Release */,
			);
			defaultConfigurationIsVisible = 0;
			defaultConfigurationName = Release;
		};
		3A9785E419F9BBF900B86108 /* Build configuration list for PBXNativeTarget "OFFWeb" */ = {
			isa = XCConfigurationList;
			buildConfigurations = (
				3A9785E519F9BBF900B86108 /* Debug */,
				3A9785E619F9BBF900B86108 /* Release */,
			);
			defaultConfigurationIsVisible = 0;
			defaultConfigurationName = Release;
		};
		3A9785E719F9BBF900B86108 /* Build configuration list for PBXNativeTarget "OFFWebTests" */ = {
			isa = XCConfigurationList;
			buildConfigurations = (
				3A9785E819F9BBF900B86108 /* Debug */,
				3A9785E919F9BBF900B86108 /* Release */,
			);
			defaultConfigurationIsVisible = 0;
			defaultConfigurationName = Release;
		};
/* End XCConfigurationList section */
	};
	rootObject = 3A9785AA19F9BBF900B86108 /* Project object */;
}
